
Microsoft Visual Studio Solution File, Format Version 12.00
# Visual Studio Version 16
VisualStudioVersion = 16.0.30907.101
MinimumVisualStudioVersion = 10.0.40219.1
Project("{FAE04EC0-301F-11D3-BF4B-00C04F79EFBC}") = "Uri1143", "Uri1143\Uri1143.csproj", "{4812EA17-5DB4-4BEA-A4FF-234BCC5ECFCD}"
EndProject
Global
	GlobalSection(SolutionConfigurationPlatforms) = preSolution
		Debug|Any CPU = Debug|Any CPU
		Release|Any CPU = Release|Any CPU
	EndGlobalSection
	GlobalSection(ProjectConfigurationPlatforms) = postSolution
		{4812EA17-5DB4-4BEA-A4FF-234BCC5ECFCD}.Debug|Any CPU.ActiveCfg = Debug|Any CPU
		{4812EA17-5DB4-4BEA-A4FF-234BCC5ECFCD}.Debug|Any CPU.Build.0 = Debug|Any CPU
		{4812EA17-5DB4-4BEA-A4FF-234BCC5ECFCD}.Release|Any CPU.ActiveCfg = Release|Any CPU
		{4812EA17-5DB4-4BEA-A4FF-234BCC5ECFCD}.Release|Any CPU.Build.0 = Release|Any CPU
	EndGlobalSection
	GlobalSection(SolutionProperties) = preSolution
		HideSolutionNode = FALSE
	EndGlobalSection
	GlobalSection(ExtensibilityGlobals) = postSolution
		SolutionGuid = {B2A6EE48-FD93-4E01-80E1-6C2D8A0E7B8B}
	EndGlobalSection
EndGlobal
